
Microsoft Visual Studio Solution File, Format Version 12.00
# Visual Studio 14
VisualStudioVersion = 14.0.25420.1
MinimumVisualStudioVersion = 10.0.40219.1
Project("{FAE04EC0-301F-11D3-BF4B-00C04F79EFBC}") = "Elastic.Android", "Elastic\Elastic.Android\Elastic.Android.csproj", "{C31D542E-2557-4A0E-A52A-6D1912EE85BB}"
EndProject
Project("{FAE04EC0-301F-11D3-BF4B-00C04F79EFBC}") = "Elastic", "Elastic\Elastic\Elastic.csproj", "{313E29B5-B499-40A5-8BBC-86826D52EEE8}"
EndProject
Project("{FAE04EC0-301F-11D3-BF4B-00C04F79EFBC}") = "Elastic.UWP", "Elastic\Elastic.UWP\Elastic.UWP.csproj", "{31BC52D6-BE40-491C-9803-1DE78D7CF79B}"
EndProject
Project("{FAE04EC0-301F-11D3-BF4B-00C04F79EFBC}") = "Elastic.iOS", "Elastic\Elastic.iOS\Elastic.iOS.csproj", "{19080F2E-6DC8-400E-9333-679C40F9B633}"
EndProject
Global
	GlobalSection(SolutionConfigurationPlatforms) = preSolution
		Ad-Hoc|Any CPU = Ad-Hoc|Any CPU
		Ad-Hoc|ARM = Ad-Hoc|ARM
		Ad-Hoc|iPhone = Ad-Hoc|iPhone
		Ad-Hoc|iPhoneSimulator = Ad-Hoc|iPhoneSimulator
		Ad-Hoc|x64 = Ad-Hoc|x64
		Ad-Hoc|x86 = Ad-Hoc|x86
		AppStore|Any CPU = AppStore|Any CPU
		AppStore|ARM = AppStore|ARM
		AppStore|iPhone = AppStore|iPhone
		AppStore|iPhoneSimulator = AppStore|iPhoneSimulator
		AppStore|x64 = AppStore|x64
		AppStore|x86 = AppStore|x86
		Debug|Any CPU = Debug|Any CPU
		Debug|ARM = Debug|ARM
		Debug|iPhone = Debug|iPhone
		Debug|iPhoneSimulator = Debug|iPhoneSimulator
		Debug|x64 = Debug|x64
		Debug|x86 = Debug|x86
		Release|Any CPU = Release|Any CPU
		Release|ARM = Release|ARM
		Release|iPhone = Release|iPhone
		Release|iPhoneSimulator = Release|iPhoneSimulator
		Release|x64 = Release|x64
		Release|x86 = Release|x86
	EndGlobalSection
	GlobalSection(ProjectConfigurationPlatforms) = postSolution
		{C31D542E-2557-4A0E-A52A-6D1912EE85BB}.Ad-Hoc|Any CPU.ActiveCfg = Release|Any CPU
		{C31D542E-2557-4A0E-A52A-6D1912EE85BB}.Ad-Hoc|Any CPU.Build.0 = Release|Any CPU
		{C31D542E-2557-4A0E-A52A-6D1912EE85BB}.Ad-Hoc|Any CPU.Deploy.0 = Release|Any CPU
		{C31D542E-2557-4A0E-A52A-6D1912EE85BB}.Ad-Hoc|ARM.ActiveCfg = Release|Any CPU
		{C31D542E-2557-4A0E-A52A-6D1912EE85BB}.Ad-Hoc|ARM.Build.0 = Release|Any CPU
		{C31D542E-2557-4A0E-A52A-6D1912EE85BB}.Ad-Hoc|ARM.Deploy.0 = Release|Any CPU
		{C31D542E-2557-4A0E-A52A-6D1912EE85BB}.Ad-Hoc|iPhone.ActiveCfg = Release|Any CPU
		{C31D542E-2557-4A0E-A52A-6D1912EE85BB}.Ad-Hoc|iPhone.Build.0 = Release|Any CPU
		{C31D542E-2557-4A0E-A52A-6D1912EE85BB}.Ad-Hoc|iPhone.Deploy.0 = Release|Any CPU
		{C31D542E-2557-4A0E-A52A-6D1912EE85BB}.Ad-Hoc|iPhoneSimulator.ActiveCfg = Release|Any CPU
		{C31D542E-2557-4A0E-A52A-6D1912EE85BB}.Ad-Hoc|iPhoneSimulator.Build.0 = Release|Any CPU
		{C31D542E-2557-4A0E-A52A-6D1912EE85BB}.Ad-Hoc|iPhoneSimulator.Deploy.0 = Release|Any CPU
		{C31D542E-2557-4A0E-A52A-6D1912EE85BB}.Ad-Hoc|x64.ActiveCfg = Release|Any CPU
		{C31D542E-2557-4A0E-A52A-6D1912EE85BB}.Ad-Hoc|x64.Build.0 = Release|Any CPU
		{C31D542E-2557-4A0E-A52A-6D1912EE85BB}.Ad-Hoc|x64.Deploy.0 = Release|Any CPU
		{C31D542E-2557-4A0E-A52A-6D1912EE85BB}.Ad-Hoc|x86.ActiveCfg = Release|Any CPU
		{C31D542E-2557-4A0E-A52A-6D1912EE85BB}.Ad-Hoc|x86.Build.0 = Release|Any CPU
		{C31D542E-2557-4A0E-A52A-6D1912EE85BB}.Ad-Hoc|x86.Deploy.0 = Release|Any CPU
		{C31D542E-2557-4A0E-A52A-6D1912EE85BB}.AppStore|Any CPU.ActiveCfg = Release|Any CPU
		{C31D542E-2557-4A0E-A52A-6D1912EE85BB}.AppStore|Any CPU.Build.0 = Release|Any CPU
		{C31D542E-2557-4A0E-A52A-6D1912EE85BB}.AppStore|Any CPU.Deploy.0 = Release|Any CPU
		{C31D542E-2557-4A0E-A52A-6D1912EE85BB}.AppStore|ARM.ActiveCfg = Release|Any CPU
		{C31D542E-2557-4A0E-A52A-6D1912EE85BB}.AppStore|ARM.Build.0 = Release|Any CPU
		{C31D542E-2557-4A0E-A52A-6D1912EE85BB}.AppStore|ARM.Deploy.0 = Release|Any CPU
		{C31D542E-2557-4A0E-A52A-6D1912EE85BB}.AppStore|iPhone.ActiveCfg = Release|Any CPU
		{C31D542E-2557-4A0E-A52A-6D1912EE85BB}.AppStore|iPhone.Build.0 = Release|Any CPU
		{C31D542E-2557-4A0E-A52A-6D1912EE85BB}.AppStore|iPhone.Deploy.0 = Release|Any CPU
		{C31D542E-2557-4A0E-A52A-6D1912EE85BB}.AppStore|iPhoneSimulator.ActiveCfg = Release|Any CPU
		{C31D542E-2557-4A0E-A52A-6D1912EE85BB}.AppStore|iPhoneSimulator.Build.0 = Release|Any CPU
		{C31D542E-2557-4A0E-A52A-6D1912EE85BB}.AppStore|iPhoneSimulator.Deploy.0 = Release|Any CPU
		{C31D542E-2557-4A0E-A52A-6D1912EE85BB}.AppStore|x64.ActiveCfg = Release|Any CPU
		{C31D542E-2557-4A0E-A52A-6D1912EE85BB}.AppStore|x64.Build.0 = Release|Any CPU
		{C31D542E-2557-4A0E-A52A-6D1912EE85BB}.AppStore|x64.Deploy.0 = Release|Any CPU
		{C31D542E-2557-4A0E-A52A-6D1912EE85BB}.AppStore|x86.ActiveCfg = Release|Any CPU
		{C31D542E-2557-4A0E-A52A-6D1912EE85BB}.AppStore|x86.Build.0 = Release|Any CPU
		{C31D542E-2557-4A0E-A52A-6D1912EE85BB}.AppStore|x86.Deploy.0 = Release|Any CPU
		{C31D542E-2557-4A0E-A52A-6D1912EE85BB}.Debug|Any CPU.ActiveCfg = Debug|Any CPU
		{C31D542E-2557-4A0E-A52A-6D1912EE85BB}.Debug|Any CPU.Build.0 = Debug|Any CPU
		{C31D542E-2557-4A0E-A52A-6D1912EE85BB}.Debug|Any CPU.Deploy.0 = Debug|Any CPU
		{C31D542E-2557-4A0E-A52A-6D1912EE85BB}.Debug|ARM.ActiveCfg = Debug|Any CPU
		{C31D542E-2557-4A0E-A52A-6D1912EE85BB}.Debug|ARM.Build.0 = Debug|Any CPU
		{C31D542E-2557-4A0E-A52A-6D1912EE85BB}.Debug|ARM.Deploy.0 = Debug|Any CPU
		{C31D542E-2557-4A0E-A52A-6D1912EE85BB}.Debug|iPhone.ActiveCfg = Debug|Any CPU
		{C31D542E-2557-4A0E-A52A-6D1912EE85BB}.Debug|iPhone.Build.0 = Debug|Any CPU
		{C31D542E-2557-4A0E-A52A-6D1912EE85BB}.Debug|iPhone.Deploy.0 = Debug|Any CPU
		{C31D542E-2557-4A0E-A52A-6D1912EE85BB}.Debug|iPhoneSimulator.ActiveCfg = Debug|Any CPU
		{C31D542E-2557-4A0E-A52A-6D1912EE85BB}.Debug|iPhoneSimulator.Build.0 = Debug|Any CPU
		{C31D542E-2557-4A0E-A52A-6D1912EE85BB}.Debug|iPhoneSimulator.Deploy.0 = Debug|Any CPU
		{C31D542E-2557-4A0E-A52A-6D1912EE85BB}.Debug|x64.ActiveCfg = Debug|Any CPU
		{C31D542E-2557-4A0E-A52A-6D1912EE85BB}.Debug|x64.Build.0 = Debug|Any CPU
		{C31D542E-2557-4A0E-A52A-6D1912EE85BB}.Debug|x64.Deploy.0 = Debug|Any CPU
		{C31D542E-2557-4A0E-A52A-6D1912EE85BB}.Debug|x86.ActiveCfg = Debug|Any CPU
		{C31D542E-2557-4A0E-A52A-6D1912EE85BB}.Debug|x86.Build.0 = Debug|Any CPU
		{C31D542E-2557-4A0E-A52A-6D1912EE85BB}.Debug|x86.Deploy.0 = Debug|Any CPU
		{C31D542E-2557-4A0E-A52A-6D1912EE85BB}.Release|Any CPU.ActiveCfg = Release|Any CPU
		{C31D542E-2557-4A0E-A52A-6D1912EE85BB}.Release|Any CPU.Build.0 = Release|Any CPU
		{C31D542E-2557-4A0E-A52A-6D1912EE85BB}.Release|Any CPU.Deploy.0 = Release|Any CPU
		{C31D542E-2557-4A0E-A52A-6D1912EE85BB}.Release|ARM.ActiveCfg = Release|Any CPU
		{C31D542E-2557-4A0E-A52A-6D1912EE85BB}.Release|ARM.Build.0 = Release|Any CPU
		{C31D542E-2557-4A0E-A52A-6D1912EE85BB}.Release|ARM.Deploy.0 = Release|Any CPU
		{C31D542E-2557-4A0E-A52A-6D1912EE85BB}.Release|iPhone.ActiveCfg = Release|Any CPU
		{C31D542E-2557-4A0E-A52A-6D1912EE85BB}.Release|iPhone.Build.0 = Release|Any CPU
		{C31D542E-2557-4A0E-A52A-6D1912EE85BB}.Release|iPhone.Deploy.0 = Release|Any CPU
		{C31D542E-2557-4A0E-A52A-6D1912EE85BB}.Release|iPhoneSimulator.ActiveCfg = Release|Any CPU
		{C31D542E-2557-4A0E-A52A-6D1912EE85BB}.Release|iPhoneSimulator.Build.0 = Release|Any CPU
		{C31D542E-2557-4A0E-A52A-6D1912EE85BB}.Release|iPhoneSimulator.Deploy.0 = Release|Any CPU
		{C31D542E-2557-4A0E-A52A-6D1912EE85BB}.Release|x64.ActiveCfg = Release|Any CPU
		{C31D542E-2557-4A0E-A52A-6D1912EE85BB}.Release|x64.Build.0 = Release|Any CPU
		{C31D542E-2557-4A0E-A52A-6D1912EE85BB}.Release|x64.Deploy.0 = Release|Any CPU
		{C31D542E-2557-4A0E-A52A-6D1912EE85BB}.Release|x86.ActiveCfg = Release|Any CPU
		{C31D542E-2557-4A0E-A52A-6D1912EE85BB}.Release|x86.Build.0 = Release|Any CPU
		{C31D542E-2557-4A0E-A52A-6D1912EE85BB}.Release|x86.Deploy.0 = Release|Any CPU
		{313E29B5-B499-40A5-8BBC-86826D52EEE8}.Ad-Hoc|Any CPU.ActiveCfg = Release|Any CPU
		{313E29B5-B499-40A5-8BBC-86826D52EEE8}.Ad-Hoc|Any CPU.Build.0 = Release|Any CPU
		{313E29B5-B499-40A5-8BBC-86826D52EEE8}.Ad-Hoc|ARM.ActiveCfg = Release|Any CPU
		{313E29B5-B499-40A5-8BBC-86826D52EEE8}.Ad-Hoc|ARM.Build.0 = Release|Any CPU
		{313E29B5-B499-40A5-8BBC-86826D52EEE8}.Ad-Hoc|iPhone.ActiveCfg = Release|Any CPU
		{313E29B5-B499-40A5-8BBC-86826D52EEE8}.Ad-Hoc|iPhone.Build.0 = Release|Any CPU
		{313E29B5-B499-40A5-8BBC-86826D52EEE8}.Ad-Hoc|iPhoneSimulator.ActiveCfg = Release|Any CPU
		{313E29B5-B499-40A5-8BBC-86826D52EEE8}.Ad-Hoc|iPhoneSimulator.Build.0 = Release|Any CPU
		{313E29B5-B499-40A5-8BBC-86826D52EEE8}.Ad-Hoc|x64.ActiveCfg = Release|Any CPU
		{313E29B5-B499-40A5-8BBC-86826D52EEE8}.Ad-Hoc|x64.Build.0 = Release|Any CPU
		{313E29B5-B499-40A5-8BBC-86826D52EEE8}.Ad-Hoc|x86.ActiveCfg = Release|Any CPU
		{313E29B5-B499-40A5-8BBC-86826D52EEE8}.Ad-Hoc|x86.Build.0 = Release|Any CPU
		{313E29B5-B499-40A5-8BBC-86826D52EEE8}.AppStore|Any CPU.ActiveCfg = Release|Any CPU
		{313E29B5-B499-40A5-8BBC-86826D52EEE8}.AppStore|Any CPU.Build.0 = Release|Any CPU
		{313E29B5-B499-40A5-8BBC-86826D52EEE8}.AppStore|ARM.ActiveCfg = Release|Any CPU
		{313E29B5-B499-40A5-8BBC-86826D52EEE8}.AppStore|ARM.Build.0 = Release|Any CPU
		{313E29B5-B499-40A5-8BBC-86826D52EEE8}.AppStore|iPhone.ActiveCfg = Release|Any CPU
		{313E29B5-B499-40A5-8BBC-86826D52EEE8}.AppStore|iPhone.Build.0 = Release|Any CPU
		{313E29B5-B499-40A5-8BBC-86826D52EEE8}.AppStore|iPhoneSimulator.ActiveCfg = Release|Any CPU
		{313E29B5-B499-40A5-8BBC-86826D52EEE8}.AppStore|iPhoneSimulator.Build.0 = Release|Any CPU
		{313E29B5-B499-40A5-8BBC-86826D52EEE8}.AppStore|x64.ActiveCfg = Release|Any CPU
		{313E29B5-B499-40A5-8BBC-86826D52EEE8}.AppStore|x64.Build.0 = Release|Any CPU
		{313E29B5-B499-40A5-8BBC-86826D52EEE8}.AppStore|x86.ActiveCfg = Release|Any CPU
		{313E29B5-B499-40A5-8BBC-86826D52EEE8}.AppStore|x86.Build.0 = Release|Any CPU
		{313E29B5-B499-40A5-8BBC-86826D52EEE8}.Debug|Any CPU.ActiveCfg = Debug|Any CPU
		{313E29B5-B499-40A5-8BBC-86826D52EEE8}.Debug|Any CPU.Build.0 = Debug|Any CPU
		{313E29B5-B499-40A5-8BBC-86826D52EEE8}.Debug|ARM.ActiveCfg = Debug|Any CPU
		{313E29B5-B499-40A5-8BBC-86826D52EEE8}.Debug|ARM.Build.0 = Debug|Any CPU
		{313E29B5-B499-40A5-8BBC-86826D52EEE8}.Debug|iPhone.ActiveCfg = Debug|Any CPU
		{313E29B5-B499-40A5-8BBC-86826D52EEE8}.Debug|iPhone.Build.0 = Debug|Any CPU
		{313E29B5-B499-40A5-8BBC-86826D52EEE8}.Debug|iPhoneSimulator.ActiveCfg = Debug|Any CPU
		{313E29B5-B499-40A5-8BBC-86826D52EEE8}.Debug|iPhoneSimulator.Build.0 = Debug|Any CPU
		{313E29B5-B499-40A5-8BBC-86826D52EEE8}.Debug|x64.ActiveCfg = Debug|Any CPU
		{313E29B5-B499-40A5-8BBC-86826D52EEE8}.Debug|x64.Build.0 = Debug|Any CPU
		{313E29B5-B499-40A5-8BBC-86826D52EEE8}.Debug|x86.ActiveCfg = Debug|Any CPU
		{313E29B5-B499-40A5-8BBC-86826D52EEE8}.Debug|x86.Build.0 = Debug|Any CPU
		{313E29B5-B499-40A5-8BBC-86826D52EEE8}.Release|Any CPU.ActiveCfg = Release|Any CPU
		{313E29B5-B499-40A5-8BBC-86826D52EEE8}.Release|Any CPU.Build.0 = Release|Any CPU
		{313E29B5-B499-40A5-8BBC-86826D52EEE8}.Release|ARM.ActiveCfg = Release|Any CPU
		{313E29B5-B499-40A5-8BBC-86826D52EEE8}.Release|ARM.Build.0 = Release|Any CPU
		{313E29B5-B499-40A5-8BBC-86826D52EEE8}.Release|iPhone.ActiveCfg = Release|Any CPU
		{313E29B5-B499-40A5-8BBC-86826D52EEE8}.Release|iPhone.Build.0 = Release|Any CPU
		{313E29B5-B499-40A5-8BBC-86826D52EEE8}.Release|iPhoneSimulator.ActiveCfg = Release|Any CPU
		{313E29B5-B499-40A5-8BBC-86826D52EEE8}.Release|iPhoneSimulator.Build.0 = Release|Any CPU
		{313E29B5-B499-40A5-8BBC-86826D52EEE8}.Release|x64.ActiveCfg = Release|Any CPU
		{313E29B5-B499-40A5-8BBC-86826D52EEE8}.Release|x64.Build.0 = Release|Any CPU
		{313E29B5-B499-40A5-8BBC-86826D52EEE8}.Release|x86.ActiveCfg = Release|Any CPU
		{313E29B5-B499-40A5-8BBC-86826D52EEE8}.Release|x86.Build.0 = Release|Any CPU
		{31BC52D6-BE40-491C-9803-1DE78D7CF79B}.Ad-Hoc|Any CPU.ActiveCfg = Release|x86
		{31BC52D6-BE40-491C-9803-1DE78D7CF79B}.Ad-Hoc|Any CPU.Build.0 = Release|x86
		{31BC52D6-BE40-491C-9803-1DE78D7CF79B}.Ad-Hoc|Any CPU.Deploy.0 = Release|x86
		{31BC52D6-BE40-491C-9803-1DE78D7CF79B}.Ad-Hoc|ARM.ActiveCfg = Release|ARM
		{31BC52D6-BE40-491C-9803-1DE78D7CF79B}.Ad-Hoc|ARM.Build.0 = Release|ARM
		{31BC52D6-BE40-491C-9803-1DE78D7CF79B}.Ad-Hoc|ARM.Deploy.0 = Release|ARM
		{31BC52D6-BE40-491C-9803-1DE78D7CF79B}.Ad-Hoc|iPhone.ActiveCfg = Release|x86
		{31BC52D6-BE40-491C-9803-1DE78D7CF79B}.Ad-Hoc|iPhone.Build.0 = Release|x86
		{31BC52D6-BE40-491C-9803-1DE78D7CF79B}.Ad-Hoc|iPhone.Deploy.0 = Release|x86
		{31BC52D6-BE40-491C-9803-1DE78D7CF79B}.Ad-Hoc|iPhoneSimulator.ActiveCfg = Release|x86
		{31BC52D6-BE40-491C-9803-1DE78D7CF79B}.Ad-Hoc|iPhoneSimulator.Build.0 = Release|x86
		{31BC52D6-BE40-491C-9803-1DE78D7CF79B}.Ad-Hoc|iPhoneSimulator.Deploy.0 = Release|x86
		{31BC52D6-BE40-491C-9803-1DE78D7CF79B}.Ad-Hoc|x64.ActiveCfg = Release|x64
		{31BC52D6-BE40-491C-9803-1DE78D7CF79B}.Ad-Hoc|x64.Build.0 = Release|x64
		{31BC52D6-BE40-491C-9803-1DE78D7CF79B}.Ad-Hoc|x64.Deploy.0 = Release|x64
		{31BC52D6-BE40-491C-9803-1DE78D7CF79B}.Ad-Hoc|x86.ActiveCfg = Release|x86
		{31BC52D6-BE40-491C-9803-1DE78D7CF79B}.Ad-Hoc|x86.Build.0 = Release|x86
		{31BC52D6-BE40-491C-9803-1DE78D7CF79B}.Ad-Hoc|x86.Deploy.0 = Release|x86
		{31BC52D6-BE40-491C-9803-1DE78D7CF79B}.AppStore|Any CPU.ActiveCfg = Release|x86
		{31BC52D6-BE40-491C-9803-1DE78D7CF79B}.AppStore|Any CPU.Build.0 = Release|x86
		{31BC52D6-BE40-491C-9803-1DE78D7CF79B}.AppStore|Any CPU.Deploy.0 = Release|x86
		{31BC52D6-BE40-491C-9803-1DE78D7CF79B}.AppStore|ARM.ActiveCfg = Release|ARM
		{31BC52D6-BE40-491C-9803-1DE78D7CF79B}.AppStore|ARM.Build.0 = Release|ARM
		{31BC52D6-BE40-491C-9803-1DE78D7CF79B}.AppStore|ARM.Deploy.0 = Release|ARM
		{31BC52D6-BE40-491C-9803-1DE78D7CF79B}.AppStore|iPhone.ActiveCfg = Release|x86
		{31BC52D6-BE40-491C-9803-1DE78D7CF79B}.AppStore|iPhone.Build.0 = Release|x86
		{31BC52D6-BE40-491C-9803-1DE78D7CF79B}.AppStore|iPhone.Deploy.0 = Release|x86
		{31BC52D6-BE40-491C-9803-1DE78D7CF79B}.AppStore|iPhoneSimulator.ActiveCfg = Release|x86
		{31BC52D6-BE40-491C-9803-1DE78D7CF79B}.AppStore|iPhoneSimulator.Build.0 = Release|x86
		{31BC52D6-BE40-491C-9803-1DE78D7CF79B}.AppStore|iPhoneSimulator.Deploy.0 = Release|x86
		{31BC52D6-BE40-491C-9803-1DE78D7CF79B}.AppStore|x64.ActiveCfg = Release|x64
		{31BC52D6-BE40-491C-9803-1DE78D7CF79B}.AppStore|x64.Build.0 = Release|x64
		{31BC52D6-BE40-491C-9803-1DE78D7CF79B}.AppStore|x64.Deploy.0 = Release|x64
		{31BC52D6-BE40-491C-9803-1DE78D7CF79B}.AppStore|x86.ActiveCfg = Release|x86
		{31BC52D6-BE40-491C-9803-1DE78D7CF79B}.AppStore|x86.Build.0 = Release|x86
		{31BC52D6-BE40-491C-9803-1DE78D7CF79B}.AppStore|x86.Deploy.0 = Release|x86
		{31BC52D6-BE40-491C-9803-1DE78D7CF79B}.Debug|Any CPU.ActiveCfg = Debug|x86
		{31BC52D6-BE40-491C-9803-1DE78D7CF79B}.Debug|ARM.ActiveCfg = Debug|ARM
		{31BC52D6-BE40-491C-9803-1DE78D7CF79B}.Debug|ARM.Build.0 = Debug|ARM
		{31BC52D6-BE40-491C-9803-1DE78D7CF79B}.Debug|ARM.Deploy.0 = Debug|ARM
		{31BC52D6-BE40-491C-9803-1DE78D7CF79B}.Debug|iPhone.ActiveCfg = Debug|x86
		{31BC52D6-BE40-491C-9803-1DE78D7CF79B}.Debug|iPhoneSimulator.ActiveCfg = Debug|x86
		{31BC52D6-BE40-491C-9803-1DE78D7CF79B}.Debug|x64.ActiveCfg = Debug|x64
		{31BC52D6-BE40-491C-9803-1DE78D7CF79B}.Debug|x64.Build.0 = Debug|x64
		{31BC52D6-BE40-491C-9803-1DE78D7CF79B}.Debug|x64.Deploy.0 = Debug|x64
		{31BC52D6-BE40-491C-9803-1DE78D7CF79B}.Debug|x86.ActiveCfg = Debug|x86
		{31BC52D6-BE40-491C-9803-1DE78D7CF79B}.Debug|x86.Build.0 = Debug|x86
		{31BC52D6-BE40-491C-9803-1DE78D7CF79B}.Debug|x86.Deploy.0 = Debug|x86
		{31BC52D6-BE40-491C-9803-1DE78D7CF79B}.Release|Any CPU.ActiveCfg = Release|x86
		{31BC52D6-BE40-491C-9803-1DE78D7CF79B}.Release|ARM.ActiveCfg = Release|ARM
		{31BC52D6-BE40-491C-9803-1DE78D7CF79B}.Release|ARM.Build.0 = Release|ARM
		{31BC52D6-BE40-491C-9803-1DE78D7CF79B}.Release|ARM.Deploy.0 = Release|ARM
		{31BC52D6-BE40-491C-9803-1DE78D7CF79B}.Release|iPhone.ActiveCfg = Release|x86
		{31BC52D6-BE40-491C-9803-1DE78D7CF79B}.Release|iPhoneSimulator.ActiveCfg = Release|x86
		{31BC52D6-BE40-491C-9803-1DE78D7CF79B}.Release|x64.ActiveCfg = Release|x64
		{31BC52D6-BE40-491C-9803-1DE78D7CF79B}.Release|x64.Build.0 = Release|x64
		{31BC52D6-BE40-491C-9803-1DE78D7CF79B}.Release|x64.Deploy.0 = Release|x64
		{31BC52D6-BE40-491C-9803-1DE78D7CF79B}.Release|x86.ActiveCfg = Release|x86
		{31BC52D6-BE40-491C-9803-1DE78D7CF79B}.Release|x86.Build.0 = Release|x86
		{31BC52D6-BE40-491C-9803-1DE78D7CF79B}.Release|x86.Deploy.0 = Release|x86
		{19080F2E-6DC8-400E-9333-679C40F9B633}.Ad-Hoc|Any CPU.ActiveCfg = Ad-Hoc|iPhone
		{19080F2E-6DC8-400E-9333-679C40F9B633}.Ad-Hoc|ARM.ActiveCfg = Ad-Hoc|iPhone
		{19080F2E-6DC8-400E-9333-679C40F9B633}.Ad-Hoc|iPhone.ActiveCfg = Ad-Hoc|iPhone
		{19080F2E-6DC8-400E-9333-679C40F9B633}.Ad-Hoc|iPhone.Build.0 = Ad-Hoc|iPhone
		{19080F2E-6DC8-400E-9333-679C40F9B633}.Ad-Hoc|iPhoneSimulator.ActiveCfg = Ad-Hoc|iPhoneSimulator
		{19080F2E-6DC8-400E-9333-679C40F9B633}.Ad-Hoc|iPhoneSimulator.Build.0 = Ad-Hoc|iPhoneSimulator
		{19080F2E-6DC8-400E-9333-679C40F9B633}.Ad-Hoc|x64.ActiveCfg = Ad-Hoc|iPhone
		{19080F2E-6DC8-400E-9333-679C40F9B633}.Ad-Hoc|x86.ActiveCfg = Ad-Hoc|iPhone
		{19080F2E-6DC8-400E-9333-679C40F9B633}.AppStore|Any CPU.ActiveCfg = AppStore|iPhone
		{19080F2E-6DC8-400E-9333-679C40F9B633}.AppStore|ARM.ActiveCfg = AppStore|iPhone
		{19080F2E-6DC8-400E-9333-679C40F9B633}.AppStore|iPhone.ActiveCfg = AppStore|iPhone
		{19080F2E-6DC8-400E-9333-679C40F9B633}.AppStore|iPhone.Build.0 = AppStore|iPhone
		{19080F2E-6DC8-400E-9333-679C40F9B633}.AppStore|iPhoneSimulator.ActiveCfg = AppStore|iPhoneSimulator
		{19080F2E-6DC8-400E-9333-679C40F9B633}.AppStore|iPhoneSimulator.Build.0 = AppStore|iPhoneSimulator
		{19080F2E-6DC8-400E-9333-679C40F9B633}.AppStore|x64.ActiveCfg = AppStore|iPhone
		{19080F2E-6DC8-400E-9333-679C40F9B633}.AppStore|x86.ActiveCfg = AppStore|iPhone
		{19080F2E-6DC8-400E-9333-679C40F9B633}.Debug|Any CPU.ActiveCfg = Debug|iPhone
		{19080F2E-6DC8-400E-9333-679C40F9B633}.Debug|ARM.ActiveCfg = Debug|iPhone
		{19080F2E-6DC8-400E-9333-679C40F9B633}.Debug|iPhone.ActiveCfg = Debug|iPhone
		{19080F2E-6DC8-400E-9333-679C40F9B633}.Debug|iPhone.Build.0 = Debug|iPhone
		{19080F2E-6DC8-400E-9333-679C40F9B633}.Debug|iPhoneSimulator.ActiveCfg = Debug|iPhoneSimulator
		{19080F2E-6DC8-400E-9333-679C40F9B633}.Debug|iPhoneSimulator.Build.0 = Debug|iPhoneSimulator
		{19080F2E-6DC8-400E-9333-679C40F9B633}.Debug|x64.ActiveCfg = Debug|iPhone
		{19080F2E-6DC8-400E-9333-679C40F9B633}.Debug|x86.ActiveCfg = Debug|iPhone
		{19080F2E-6DC8-400E-9333-679C40F9B633}.Release|Any CPU.ActiveCfg = Release|iPhone
		{19080F2E-6DC8-400E-9333-679C40F9B633}.Release|ARM.ActiveCfg = Release|iPhone
		{19080F2E-6DC8-400E-9333-679C40F9B633}.Release|iPhone.ActiveCfg = Release|iPhone
		{19080F2E-6DC8-400E-9333-679C40F9B633}.Release|iPhone.Build.0 = Release|iPhone
		{19080F2E-6DC8-400E-9333-679C40F9B633}.Release|iPhoneSimulator.ActiveCfg = Release|iPhoneSimulator
		{19080F2E-6DC8-400E-9333-679C40F9B633}.Release|iPhoneSimulator.Build.0 = Release|iPhoneSimulator
		{19080F2E-6DC8-400E-9333-679C40F9B633}.Release|x64.ActiveCfg = Release|iPhone
		{19080F2E-6DC8-400E-9333-679C40F9B633}.Release|x86.ActiveCfg = Release|iPhone
	EndGlobalSection
	GlobalSection(SolutionProperties) = preSolution
		HideSolutionNode = FALSE
	EndGlobalSection
EndGlobal
